
Microsoft Visual Studio Solution File, Format Version 12.00
# Visual Studio Version 17
VisualStudioVersion = 17.11.35219.272
MinimumVisualStudioVersion = 10.0.40219.1
Project("{9A19103F-16F7-4668-BE54-9A1E7A4F7556}") = "DeveloperChallengeApp", "DeveloperChallengeApp.csproj", "{960A9AF7-D91D-478C-BA64-0BA218DCB213}"
EndProject
Global
	GlobalSection(SolutionConfigurationPlatforms) = preSolution
		Debug|Any CPU = Debug|Any CPU
		Release|Any CPU = Release|Any CPU
	EndGlobalSection
	GlobalSection(ProjectConfigurationPlatforms) = postSolution
		{960A9AF7-D91D-478C-BA64-0BA218DCB213}.Debug|Any CPU.ActiveCfg = Debug|Any CPU
		{960A9AF7-D91D-478C-BA64-0BA218DCB213}.Debug|Any CPU.Build.0 = Debug|Any CPU
		{960A9AF7-D91D-478C-BA64-0BA218DCB213}.Release|Any CPU.ActiveCfg = Release|Any CPU
		{960A9AF7-D91D-478C-BA64-0BA218DCB213}.Release|Any CPU.Build.0 = Release|Any CPU
	EndGlobalSection
	GlobalSection(SolutionProperties) = preSolution
		HideSolutionNode = FALSE
	EndGlobalSection
	GlobalSection(ExtensibilityGlobals) = postSolution
		SolutionGuid = {F429D416-8350-442A-A685-1BB9F877E0E0}
	EndGlobalSection
EndGlobal
